
Microsoft Visual Studio Solution File, Format Version 12.00
# Visual Studio 2013
VisualStudioVersion = 12.0.31101.0
MinimumVisualStudioVersion = 10.0.40219.1
Project("{F2A71F9B-5D33-465A-A702-920D77279786}") = "WakeCountySchoolCrash", "WakeCountySchoolCrash\WakeCountySchoolCrash.fsproj", "{129B4D15-49B3-489E-BAFC-B5C29CE7AD25}"
EndProject
Project("{2150E333-8FDC-42A3-9474-1A3956D46DE8}") = "json", "json", "{D229C6AA-17DD-44F5-BABC-AC6BE2C76E63}"
	ProjectSection(SolutionItems) = preProject
		json\geocode.json = json\geocode.json
	EndProjectSection
EndProject
Project("{2150E333-8FDC-42A3-9474-1A3956D46DE8}") = "html", "html", "{BE19610B-E685-4210-A5FE-576279B58E64}"
	ProjectSection(SolutionItems) = preProject
		html\elementarySchools.html = html\elementarySchools.html
		html\highSchools.html = html\highSchools.html
		html\middleSchools.html = html\middleSchools.html
	EndProjectSection
EndProject
Project("{2150E333-8FDC-42A3-9474-1A3956D46DE8}") = "data", "data", "{67E0995B-F342-4ED0-9264-75A59D3FDA4A}"
	ProjectSection(SolutionItems) = preProject
		data\schoolInformation.json = data\schoolInformation.json
		data\WakeCountySchoolInfo.txt = data\WakeCountySchoolInfo.txt
	EndProjectSection
EndProject
Global
	GlobalSection(SolutionConfigurationPlatforms) = preSolution
		Debug|Any CPU = Debug|Any CPU
		Release|Any CPU = Release|Any CPU
	EndGlobalSection
	GlobalSection(ProjectConfigurationPlatforms) = postSolution
		{129B4D15-49B3-489E-BAFC-B5C29CE7AD25}.Debug|Any CPU.ActiveCfg = Debug|Any CPU
		{129B4D15-49B3-489E-BAFC-B5C29CE7AD25}.Debug|Any CPU.Build.0 = Debug|Any CPU
		{129B4D15-49B3-489E-BAFC-B5C29CE7AD25}.Release|Any CPU.ActiveCfg = Release|Any CPU
		{129B4D15-49B3-489E-BAFC-B5C29CE7AD25}.Release|Any CPU.Build.0 = Release|Any CPU
	EndGlobalSection
	GlobalSection(SolutionProperties) = preSolution
		HideSolutionNode = FALSE
	EndGlobalSection
EndGlobal
